// !$*UTF8*$!
{
	archiveVersion = 1;
	classes = {
	};
	objectVersion = 77;
	objects = {

/* Begin PBXBuildFile section */
		8216A1302CA6E65E003B8654 /* Assets.xcassets in Resources */ = {isa = PBXBuildFile; fileRef = 8216A1272CA6E65E003B8654 /* Assets.xcassets */; };
		8216A1312CA6E65E003B8654 /* Preview Assets.xcassets in Resources */ = {isa = PBXBuildFile; fileRef = 8216A12C2CA6E65E003B8654 /* Preview Assets.xcassets */; };
		8216A1322CA6E65E003B8654 /* TriviaGameApp.swift in Sources */ = {isa = PBXBuildFile; fileRef = 8216A1282CA6E65E003B8654 /* TriviaGameApp.swift */; };
		8216A1332CA6E65E003B8654 /* PrimaryButton.swift in Sources */ = {isa = PBXBuildFile; fileRef = 8216A12A2CA6E65E003B8654 /* PrimaryButton.swift */; };
		8216A1342CA6E65E003B8654 /* ContentView.swift in Sources */ = {isa = PBXBuildFile; fileRef = 8216A12E2CA6E65E003B8654 /* ContentView.swift */; };
		8216A1372CA6E89A003B8654 /* Extensions.swift in Sources */ = {isa = PBXBuildFile; fileRef = 8216A1362CA6E89A003B8654 /* Extensions.swift */; };
		8216A1392CA6E945003B8654 /* QuestionView.swift in Sources */ = {isa = PBXBuildFile; fileRef = 8216A1382CA6E945003B8654 /* QuestionView.swift */; };
		8216A13B2CA6E9E5003B8654 /* ProgressBar.swift in Sources */ = {isa = PBXBuildFile; fileRef = 8216A13A2CA6E9E5003B8654 /* ProgressBar.swift */; };
		8216A13E2CA6ED5F003B8654 /* Answer.swift in Sources */ = {isa = PBXBuildFile; fileRef = 8216A13D2CA6ED5F003B8654 /* Answer.swift */; };
		8216A1402CA6EDC2003B8654 /* AnswerRow.swift in Sources */ = {isa = PBXBuildFile; fileRef = 8216A13F2CA6EDC2003B8654 /* AnswerRow.swift */; };
		8216A1422CA6F1BC003B8654 /* TriviaView.swift in Sources */ = {isa = PBXBuildFile; fileRef = 8216A1412CA6F1BC003B8654 /* TriviaView.swift */; };
		8216A1442CA6F2DD003B8654 /* Trivia.swift in Sources */ = {isa = PBXBuildFile; fileRef = 8216A1432CA6F2DD003B8654 /* Trivia.swift */; };
		8216A1472CA6F8B5003B8654 /* TriviaManager.swift in Sources */ = {isa = PBXBuildFile; fileRef = 8216A1462CA6F8B5003B8654 /* TriviaManager.swift */; };
/* End PBXBuildFile section */

/* Begin PBXFileReference section */
		8216A1272CA6E65E003B8654 /* Assets.xcassets */ = {isa = PBXFileReference; lastKnownFileType = folder.assetcatalog; path = Assets.xcassets; sourceTree = "<group>"; };
		8216A1282CA6E65E003B8654 /* TriviaGameApp.swift */ = {isa = PBXFileReference; lastKnownFileType = sourcecode.swift; path = TriviaGameApp.swift; sourceTree = "<group>"; };
		8216A12A2CA6E65E003B8654 /* PrimaryButton.swift */ = {isa = PBXFileReference; lastKnownFileType = sourcecode.swift; path = PrimaryButton.swift; sourceTree = "<group>"; };
		8216A12C2CA6E65E003B8654 /* Preview Assets.xcassets */ = {isa = PBXFileReference; lastKnownFileType = folder.assetcatalog; path = "Preview Assets.xcassets"; sourceTree = "<group>"; };
		8216A12E2CA6E65E003B8654 /* ContentView.swift */ = {isa = PBXFileReference; lastKnownFileType = sourcecode.swift; path = ContentView.swift; sourceTree = "<group>"; };
		8216A1362CA6E89A003B8654 /* Extensions.swift */ = {isa = PBXFileReference; lastKnownFileType = sourcecode.swift; path = Extensions.swift; sourceTree = "<group>"; };
		8216A1382CA6E945003B8654 /* QuestionView.swift */ = {isa = PBXFileReference; lastKnownFileType = sourcecode.swift; path = QuestionView.swift; sourceTree = "<group>"; };
		8216A13A2CA6E9E5003B8654 /* ProgressBar.swift */ = {isa = PBXFileReference; lastKnownFileType = sourcecode.swift; path = ProgressBar.swift; sourceTree = "<group>"; };
		8216A13D2CA6ED5F003B8654 /* Answer.swift */ = {isa = PBXFileReference; lastKnownFileType = sourcecode.swift; path = Answer.swift; sourceTree = "<group>"; };
		8216A13F2CA6EDC2003B8654 /* AnswerRow.swift */ = {isa = PBXFileReference; lastKnownFileType = sourcecode.swift; path = AnswerRow.swift; sourceTree = "<group>"; };
		8216A1412CA6F1BC003B8654 /* TriviaView.swift */ = {isa = PBXFileReference; lastKnownFileType = sourcecode.swift; path = TriviaView.swift; sourceTree = "<group>"; };
		8216A1432CA6F2DD003B8654 /* Trivia.swift */ = {isa = PBXFileReference; lastKnownFileType = sourcecode.swift; path = Trivia.swift; sourceTree = "<group>"; };
		8216A1462CA6F8B5003B8654 /* TriviaManager.swift */ = {isa = PBXFileReference; lastKnownFileType = sourcecode.swift; path = TriviaManager.swift; sourceTree = "<group>"; };
		82FF349E2CA6DC0A003B1D71 /* TriviaGame.app */ = {isa = PBXFileReference; explicitFileType = wrapper.application; includeInIndex = 0; path = TriviaGame.app; sourceTree = BUILT_PRODUCTS_DIR; };
/* End PBXFileReference section */

/* Begin PBXFrameworksBuildPhase section */
		82FF349B2CA6DC0A003B1D71 /* Frameworks */ = {
			isa = PBXFrameworksBuildPhase;
			buildActionMask = 2147483647;
			files = (
			);
			runOnlyForDeploymentPostprocessing = 0;
		};
/* End PBXFrameworksBuildPhase section */

/* Begin PBXGroup section */
		8216A1292CA6E65E003B8654 /* App */ = {
			isa = PBXGroup;
			children = (
				8216A1272CA6E65E003B8654 /* Assets.xcassets */,
				8216A1282CA6E65E003B8654 /* TriviaGameApp.swift */,
			);
			path = App;
			sourceTree = "<group>";
		};
		8216A12B2CA6E65E003B8654 /* Components */ = {
			isa = PBXGroup;
			children = (
				8216A12A2CA6E65E003B8654 /* PrimaryButton.swift */,
				8216A13A2CA6E9E5003B8654 /* ProgressBar.swift */,
				8216A13F2CA6EDC2003B8654 /* AnswerRow.swift */,
			);
			path = Components;
			sourceTree = "<group>";
		};
		8216A12D2CA6E65E003B8654 /* Preview Content */ = {
			isa = PBXGroup;
			children = (
				8216A12C2CA6E65E003B8654 /* Preview Assets.xcassets */,
			);
			path = "Preview Content";
			sourceTree = "<group>";
		};
		8216A12F2CA6E65E003B8654 /* TriviaGame */ = {
			isa = PBXGroup;
			children = (
				8216A1452CA6F8AA003B8654 /* Manager */,
				8216A13C2CA6ED27003B8654 /* Models */,
				8216A1352CA6E670003B8654 /* Views */,
				8216A12B2CA6E65E003B8654 /* Components */,
				8216A1292CA6E65E003B8654 /* App */,
				8216A12D2CA6E65E003B8654 /* Preview Content */,
				8216A1362CA6E89A003B8654 /* Extensions.swift */,
			);
			path = TriviaGame;
			sourceTree = "<group>";
		};
		8216A1352CA6E670003B8654 /* Views */ = {
			isa = PBXGroup;
			children = (
				8216A12E2CA6E65E003B8654 /* ContentView.swift */,
				8216A1382CA6E945003B8654 /* QuestionView.swift */,
				8216A1412CA6F1BC003B8654 /* TriviaView.swift */,
			);
			path = Views;
			sourceTree = "<group>";
		};
		8216A13C2CA6ED27003B8654 /* Models */ = {
			isa = PBXGroup;
			children = (
				8216A13D2CA6ED5F003B8654 /* Answer.swift */,
				8216A1432CA6F2DD003B8654 /* Trivia.swift */,
			);
			path = Models;
			sourceTree = "<group>";
		};
		8216A1452CA6F8AA003B8654 /* Manager */ = {
			isa = PBXGroup;
			children = (
				8216A1462CA6F8B5003B8654 /* TriviaManager.swift */,
			);
			path = Manager;
			sourceTree = "<group>";
		};
		82FF34952CA6DC0A003B1D71 = {
			isa = PBXGroup;
			children = (
				8216A12F2CA6E65E003B8654 /* TriviaGame */,
				82FF349F2CA6DC0A003B1D71 /* Products */,
			);
			sourceTree = "<group>";
		};
		82FF349F2CA6DC0A003B1D71 /* Products */ = {
			isa = PBXGroup;
			children = (
				82FF349E2CA6DC0A003B1D71 /* TriviaGame.app */,
			);
			name = Products;
			sourceTree = "<group>";
		};
/* End PBXGroup section */

/* Begin PBXNativeTarget section */
		82FF349D2CA6DC0A003B1D71 /* TriviaGame */ = {
			isa = PBXNativeTarget;
			buildConfigurationList = 82FF34AC2CA6DC0C003B1D71 /* Build configuration list for PBXNativeTarget "TriviaGame" */;
			buildPhases = (
				82FF349A2CA6DC0A003B1D71 /* Sources */,
				82FF349B2CA6DC0A003B1D71 /* Frameworks */,
				82FF349C2CA6DC0A003B1D71 /* Resources */,
			);
			buildRules = (
			);
			dependencies = (
			);
			name = TriviaGame;
			packageProductDependencies = (
			);
			productName = TriviaGame;
			productReference = 82FF349E2CA6DC0A003B1D71 /* TriviaGame.app */;
			productType = "com.apple.product-type.application";
		};
/* End PBXNativeTarget section */

/* Begin PBXProject section */
		82FF34962CA6DC0A003B1D71 /* Project object */ = {
			isa = PBXProject;
			attributes = {
				BuildIndependentTargetsInParallel = 1;
				LastSwiftUpdateCheck = 1600;
				LastUpgradeCheck = 1600;
				TargetAttributes = {
					82FF349D2CA6DC0A003B1D71 = {
						CreatedOnToolsVersion = 16.0;
					};
				};
			};
			buildConfigurationList = 82FF34992CA6DC0A003B1D71 /* Build configuration list for PBXProject "TriviaGame" */;
			developmentRegion = en;
			hasScannedForEncodings = 0;
			knownRegions = (
				en,
				Base,
			);
			mainGroup = 82FF34952CA6DC0A003B1D71;
			minimizedProjectReferenceProxies = 1;
			preferredProjectObjectVersion = 77;
			productRefGroup = 82FF349F2CA6DC0A003B1D71 /* Products */;
			projectDirPath = "";
			projectRoot = "";
			targets = (
				82FF349D2CA6DC0A003B1D71 /* TriviaGame */,
			);
		};
/* End PBXProject section */

/* Begin PBXResourcesBuildPhase section */
		82FF349C2CA6DC0A003B1D71 /* Resources */ = {
			isa = PBXResourcesBuildPhase;
			buildActionMask = 2147483647;
			files = (
				8216A1302CA6E65E003B8654 /* Assets.xcassets in Resources */,
				8216A1312CA6E65E003B8654 /* Preview Assets.xcassets in Resources */,
			);
			runOnlyForDeploymentPostprocessing = 0;
		};
/* End PBXResourcesBuildPhase section */

/* Begin PBXSourcesBuildPhase section */
		82FF349A2CA6DC0A003B1D71 /* Sources */ = {
			isa = PBXSourcesBuildPhase;
			buildActionMask = 2147483647;
			files = (
				8216A1392CA6E945003B8654 /* QuestionView.swift in Sources */,
				8216A1422CA6F1BC003B8654 /* TriviaView.swift in Sources */,
				8216A1442CA6F2DD003B8654 /* Trivia.swift in Sources */,
				8216A1322CA6E65E003B8654 /* TriviaGameApp.swift in Sources */,
				8216A1472CA6F8B5003B8654 /* TriviaManager.swift in Sources */,
				8216A1402CA6EDC2003B8654 /* AnswerRow.swift in Sources */,
				8216A1332CA6E65E003B8654 /* PrimaryButton.swift in Sources */,
				8216A13E2CA6ED5F003B8654 /* Answer.swift in Sources */,
				8216A1342CA6E65E003B8654 /* ContentView.swift in Sources */,
				8216A13B2CA6E9E5003B8654 /* ProgressBar.swift in Sources */,
				8216A1372CA6E89A003B8654 /* Extensions.swift in Sources */,
			);
			runOnlyForDeploymentPostprocessing = 0;
		};
/* End PBXSourcesBuildPhase section */

/* Begin XCBuildConfiguration section */
		82FF34AA2CA6DC0C003B1D71 /* Debug */ = {
			isa = XCBuildConfiguration;
			buildSettings = {
				ALWAYS_SEARCH_USER_PATHS = NO;
				ASSETCATALOG_COMPILER_GENERATE_SWIFT_ASSET_SYMBOL_EXTENSIONS = YES;
				CLANG_ANALYZER_NONNULL = YES;
				CLANG_ANALYZER_NUMBER_OBJECT_CONVERSION = YES_AGGRESSIVE;
				CLANG_CXX_LANGUAGE_STANDARD = "gnu++20";
				CLANG_ENABLE_MODULES = YES;
				CLANG_ENABLE_OBJC_ARC = YES;
				CLANG_ENABLE_OBJC_WEAK = YES;
				CLANG_WARN_BLOCK_CAPTURE_AUTORELEASING = YES;
				CLANG_WARN_BOOL_CONVERSION = YES;
				CLANG_WARN_COMMA = YES;
				CLANG_WARN_CONSTANT_CONVERSION = YES;
				CLANG_WARN_DEPRECATED_OBJC_IMPLEMENTATIONS = YES;
				CLANG_WARN_DIRECT_OBJC_ISA_USAGE = YES_ERROR;
				CLANG_WARN_DOCUMENTATION_COMMENTS = YES;
				CLANG_WARN_EMPTY_BODY = YES;
				CLANG_WARN_ENUM_CONVERSION = YES;
				CLANG_WARN_INFINITE_RECURSION = YES;
				CLANG_WARN_INT_CONVERSION = YES;
				CLANG_WARN_NON_LITERAL_NULL_CONVERSION = YES;
				CLANG_WARN_OBJC_IMPLICIT_RETAIN_SELF = YES;
				CLANG_WARN_OBJC_LITERAL_CONVERSION = YES;
				CLANG_WARN_OBJC_ROOT_CLASS = YES_ERROR;
				CLANG_WARN_QUOTED_INCLUDE_IN_FRAMEWORK_HEADER = YES;
				CLANG_WARN_RANGE_LOOP_ANALYSIS = YES;
				CLANG_WARN_STRICT_PROTOTYPES = YES;
				CLANG_WARN_SUSPICIOUS_MOVE = YES;
				CLANG_WARN_UNGUARDED_AVAILABILITY = YES_AGGRESSIVE;
				CLANG_WARN_UNREACHABLE_CODE = YES;
				CLANG_WARN__DUPLICATE_METHOD_MATCH = YES;
				COPY_PHASE_STRIP = NO;
				DEBUG_INFORMATION_FORMAT = dwarf;
				ENABLE_STRICT_OBJC_MSGSEND = YES;
				ENABLE_TESTABILITY = YES;
				ENABLE_USER_SCRIPT_SANDBOXING = YES;
				GCC_C_LANGUAGE_STANDARD = gnu17;
				GCC_DYNAMIC_NO_PIC = NO;
				GCC_NO_COMMON_BLOCKS = YES;
				GCC_OPTIMIZATION_LEVEL = 0;
				GCC_PREPROCESSOR_DEFINITIONS = (
					"DEBUG=1",
					"$(inherited)",
				);
				GCC_WARN_64_TO_32_BIT_CONVERSION = YES;
				GCC_WARN_ABOUT_RETURN_TYPE = YES_ERROR;
				GCC_WARN_UNDECLARED_SELECTOR = YES;
				GCC_WARN_UNINITIALIZED_AUTOS = YES_AGGRESSIVE;
				GCC_WARN_UNUSED_FUNCTION = YES;
				GCC_WARN_UNUSED_VARIABLE = YES;
				IPHONEOS_DEPLOYMENT_TARGET = 18.0;
				LOCALIZATION_PREFERS_STRING_CATALOGS = YES;
				MTL_ENABLE_DEBUG_INFO = INCLUDE_SOURCE;
				MTL_FAST_MATH = YES;
				ONLY_ACTIVE_ARCH = YES;
				SDKROOT = iphoneos;
				SWIFT_ACTIVE_COMPILATION_CONDITIONS = "DEBUG $(inherited)";
				SWIFT_OPTIMIZATION_LEVEL = "-Onone";
			};
			name = Debug;
		};
		82FF34AB2CA6DC0C003B1D71 /* Release */ = {
			isa = XCBuildConfiguration;
			buildSettings = {
				ALWAYS_SEARCH_USER_PATHS = NO;
				ASSETCATALOG_COMPILER_GENERATE_SWIFT_ASSET_SYMBOL_EXTENSIONS = YES;
				CLANG_ANALYZER_NONNULL = YES;
				CLANG_ANALYZER_NUMBER_OBJECT_CONVERSION = YES_AGGRESSIVE;
				CLANG_CXX_LANGUAGE_STANDARD = "gnu++20";
				CLANG_ENABLE_MODULES = YES;
				CLANG_ENABLE_OBJC_ARC = YES;
				CLANG_ENABLE_OBJC_WEAK = YES;
				CLANG_WARN_BLOCK_CAPTURE_AUTORELEASING = YES;
				CLANG_WARN_BOOL_CONVERSION = YES;
				CLANG_WARN_COMMA = YES;
				CLANG_WARN_CONSTANT_CONVERSION = YES;
				CLANG_WARN_DEPRECATED_OBJC_IMPLEMENTATIONS = YES;
				CLANG_WARN_DIRECT_OBJC_ISA_USAGE = YES_ERROR;
				CLANG_WARN_DOCUMENTATION_COMMENTS = YES;
				CLANG_WARN_EMPTY_BODY = YES;
				CLANG_WARN_ENUM_CONVERSION = YES;
				CLANG_WARN_INFINITE_RECURSION = YES;
				CLANG_WARN_INT_CONVERSION = YES;
				CLANG_WARN_NON_LITERAL_NULL_CONVERSION = YES;
				CLANG_WARN_OBJC_IMPLICIT_RETAIN_SELF = YES;
				CLANG_WARN_OBJC_LITERAL_CONVERSION = YES;
				CLANG_WARN_OBJC_ROOT_CLASS = YES_ERROR;
				CLANG_WARN_QUOTED_INCLUDE_IN_FRAMEWORK_HEADER = YES;
				CLANG_WARN_RANGE_LOOP_ANALYSIS = YES;
				CLANG_WARN_STRICT_PROTOTYPES = YES;
				CLANG_WARN_SUSPICIOUS_MOVE = YES;
				CLANG_WARN_UNGUARDED_AVAILABILITY = YES_AGGRESSIVE;
				CLANG_WARN_UNREACHABLE_CODE = YES;
				CLANG_WARN__DUPLICATE_METHOD_MATCH = YES;
				COPY_PHASE_STRIP = NO;
				DEBUG_INFORMATION_FORMAT = "dwarf-with-dsym";
				ENABLE_NS_ASSERTIONS = NO;
				ENABLE_STRICT_OBJC_MSGSEND = YES;
				ENABLE_USER_SCRIPT_SANDBOXING = YES;
				GCC_C_LANGUAGE_STANDARD = gnu17;
				GCC_NO_COMMON_BLOCKS = YES;
				GCC_WARN_64_TO_32_BIT_CONVERSION = YES;
				GCC_WARN_ABOUT_RETURN_TYPE = YES_ERROR;
				GCC_WARN_UNDECLARED_SELECTOR = YES;
				GCC_WARN_UNINITIALIZED_AUTOS = YES_AGGRESSIVE;
				GCC_WARN_UNUSED_FUNCTION = YES;
				GCC_WARN_UNUSED_VARIABLE = YES;
				IPHONEOS_DEPLOYMENT_TARGET = 18.0;
				LOCALIZATION_PREFERS_STRING_CATALOGS = YES;
				MTL_ENABLE_DEBUG_INFO = NO;
				MTL_FAST_MATH = YES;
				SDKROOT = iphoneos;
				SWIFT_COMPILATION_MODE = wholemodule;
				VALIDATE_PRODUCT = YES;
			};
			name = Release;
		};
		82FF34AD2CA6DC0C003B1D71 /* Debug */ = {
			isa = XCBuildConfiguration;
			buildSettings = {
				ASSETCATALOG_COMPILER_APPICON_NAME = AppIcon;
				ASSETCATALOG_COMPILER_GLOBAL_ACCENT_COLOR_NAME = AccentColor;
				CODE_SIGN_STYLE = Automatic;
				CURRENT_PROJECT_VERSION = 1;
				DEVELOPMENT_ASSET_PATHS = "\"TriviaGame/Preview Content\"";
				DEVELOPMENT_TEAM = D27FHR29X4;
				ENABLE_PREVIEWS = YES;
				GENERATE_INFOPLIST_FILE = YES;
				INFOPLIST_KEY_UIApplicationSceneManifest_Generation = YES;
				INFOPLIST_KEY_UIApplicationSupportsIndirectInputEvents = YES;
				INFOPLIST_KEY_UILaunchScreen_Generation = YES;
				INFOPLIST_KEY_UISupportedInterfaceOrientations_iPad = "UIInterfaceOrientationPortrait UIInterfaceOrientationPortraitUpsideDown UIInterfaceOrientationLandscapeLeft UIInterfaceOrientationLandscapeRight";
				INFOPLIST_KEY_UISupportedInterfaceOrientations_iPhone = "UIInterfaceOrientationPortrait UIInterfaceOrientationLandscapeLeft UIInterfaceOrientationLandscapeRight";
				LD_RUNPATH_SEARCH_PATHS = (
					"$(inherited)",
					"@executable_path/Frameworks",
				);
				MARKETING_VERSION = 1.0;
				PRODUCT_BUNDLE_IDENTIFIER = Azer.TriviaGame;
				PRODUCT_NAME = "$(TARGET_NAME)";
				SWIFT_EMIT_LOC_STRINGS = YES;
				SWIFT_VERSION = 5.0;
				TARGETED_DEVICE_FAMILY = "1,2";
			};
			name = Debug;
		};
		82FF34AE2CA6DC0C003B1D71 /* Release */ = {
			isa = XCBuildConfiguration;
			buildSettings = {
				ASSETCATALOG_COMPILER_APPICON_NAME = AppIcon;
				ASSETCATALOG_COMPILER_GLOBAL_ACCENT_COLOR_NAME = AccentColor;
				CODE_SIGN_STYLE = Automatic;
				CURRENT_PROJECT_VERSION = 1;
				DEVELOPMENT_ASSET_PATHS = "\"TriviaGame/Preview Content\"";
				DEVELOPMENT_TEAM = D27FHR29X4;
				ENABLE_PREVIEWS = YES;
				GENERATE_INFOPLIST_FILE = YES;
				INFOPLIST_KEY_UIApplicationSceneManifest_Generation = YES;
				INFOPLIST_KEY_UIApplicationSupportsIndirectInputEvents = YES;
				INFOPLIST_KEY_UILaunchScreen_Generation = YES;
				INFOPLIST_KEY_UISupportedInterfaceOrientations_iPad = "UIInterfaceOrientationPortrait UIInterfaceOrientationPortraitUpsideDown UIInterfaceOrientationLandscapeLeft UIInterfaceOrientationLandscapeRight";
				INFOPLIST_KEY_UISupportedInterfaceOrientations_iPhone = "UIInterfaceOrientationPortrait UIInterfaceOrientationLandscapeLeft UIInterfaceOrientationLandscapeRight";
				LD_RUNPATH_SEARCH_PATHS = (
					"$(inherited)",
					"@executable_path/Frameworks",
				);
				MARKETING_VERSION = 1.0;
				PRODUCT_BUNDLE_IDENTIFIER = Azer.TriviaGame;
				PRODUCT_NAME = "$(TARGET_NAME)";
				SWIFT_EMIT_LOC_STRINGS = YES;
				SWIFT_VERSION = 5.0;
				TARGETED_DEVICE_FAMILY = "1,2";
			};
			name = Release;
		};
/* End XCBuildConfiguration section */

/* Begin XCConfigurationList section */
		82FF34992CA6DC0A003B1D71 /* Build configuration list for PBXProject "TriviaGame" */ = {
			isa = XCConfigurationList;
			buildConfigurations = (
				82FF34AA2CA6DC0C003B1D71 /* Debug */,
				82FF34AB2CA6DC0C003B1D71 /* Release */,
			);
			defaultConfigurationIsVisible = 0;
			defaultConfigurationName = Release;
		};
		82FF34AC2CA6DC0C003B1D71 /* Build configuration list for PBXNativeTarget "TriviaGame" */ = {
			isa = XCConfigurationList;
			buildConfigurations = (
				82FF34AD2CA6DC0C003B1D71 /* Debug */,
				82FF34AE2CA6DC0C003B1D71 /* Release */,
			);
			defaultConfigurationIsVisible = 0;
			defaultConfigurationName = Release;
		};
/* End XCConfigurationList section */
	};
	rootObject = 82FF34962CA6DC0A003B1D71 /* Project object */;
}
